
Microsoft Visual Studio Solution File, Format Version 12.00
# Visual Studio Version 16
VisualStudioVersion = 16.0.29503.13
MinimumVisualStudioVersion = 10.0.40219.1
Project("{9A19103F-16F7-4668-BE54-9A1E7A4F7556}") = "Swallow.WebApi", "Swallow.WebApi\Swallow.WebApi.csproj", "{134CCB3D-545A-4943-AD36-63AB9F6EA901}"
EndProject
Project("{9A19103F-16F7-4668-BE54-9A1E7A4F7556}") = "Swallow.Core", "Swallow.Core\Swallow.Core.csproj", "{FBD8EAC2-65A8-4EB4-BF49-139748818475}"
EndProject
Project("{9A19103F-16F7-4668-BE54-9A1E7A4F7556}") = "Swallow.DataAccessLayer", "Swallow.DataAccessLayer\Swallow.DataAccessLayer.csproj", "{7230E268-236A-4027-83FE-EA140C4C2507}"
EndProject
Project("{9A19103F-16F7-4668-BE54-9A1E7A4F7556}") = "Swallow.DataCollector", "Swallow.DataCollector\Swallow.DataCollector.csproj", "{0CBE0B76-B253-4955-859E-23F6F272733E}"
EndProject
Project("{E53339B2-1760-4266-BCC7-CA923CBCF16C}") = "docker-compose", "docker-compose.dcproj", "{D3B665C7-0123-46EF-8DF4-127A9168C81D}"
EndProject
Global
	GlobalSection(SolutionConfigurationPlatforms) = preSolution
		Debug|Any CPU = Debug|Any CPU
		Release|Any CPU = Release|Any CPU
	EndGlobalSection
	GlobalSection(ProjectConfigurationPlatforms) = postSolution
		{134CCB3D-545A-4943-AD36-63AB9F6EA901}.Debug|Any CPU.ActiveCfg = Debug|Any CPU
		{134CCB3D-545A-4943-AD36-63AB9F6EA901}.Debug|Any CPU.Build.0 = Debug|Any CPU
		{134CCB3D-545A-4943-AD36-63AB9F6EA901}.Release|Any CPU.ActiveCfg = Release|Any CPU
		{134CCB3D-545A-4943-AD36-63AB9F6EA901}.Release|Any CPU.Build.0 = Release|Any CPU
		{FBD8EAC2-65A8-4EB4-BF49-139748818475}.Debug|Any CPU.ActiveCfg = Debug|Any CPU
		{FBD8EAC2-65A8-4EB4-BF49-139748818475}.Debug|Any CPU.Build.0 = Debug|Any CPU
		{FBD8EAC2-65A8-4EB4-BF49-139748818475}.Release|Any CPU.ActiveCfg = Release|Any CPU
		{FBD8EAC2-65A8-4EB4-BF49-139748818475}.Release|Any CPU.Build.0 = Release|Any CPU
		{7230E268-236A-4027-83FE-EA140C4C2507}.Debug|Any CPU.ActiveCfg = Debug|Any CPU
		{7230E268-236A-4027-83FE-EA140C4C2507}.Debug|Any CPU.Build.0 = Debug|Any CPU
		{7230E268-236A-4027-83FE-EA140C4C2507}.Release|Any CPU.ActiveCfg = Release|Any CPU
		{7230E268-236A-4027-83FE-EA140C4C2507}.Release|Any CPU.Build.0 = Release|Any CPU
		{0CBE0B76-B253-4955-859E-23F6F272733E}.Debug|Any CPU.ActiveCfg = Debug|Any CPU
		{0CBE0B76-B253-4955-859E-23F6F272733E}.Debug|Any CPU.Build.0 = Debug|Any CPU
		{0CBE0B76-B253-4955-859E-23F6F272733E}.Release|Any CPU.ActiveCfg = Release|Any CPU
		{0CBE0B76-B253-4955-859E-23F6F272733E}.Release|Any CPU.Build.0 = Release|Any CPU
		{D3B665C7-0123-46EF-8DF4-127A9168C81D}.Debug|Any CPU.ActiveCfg = Debug|Any CPU
		{D3B665C7-0123-46EF-8DF4-127A9168C81D}.Debug|Any CPU.Build.0 = Debug|Any CPU
		{D3B665C7-0123-46EF-8DF4-127A9168C81D}.Release|Any CPU.ActiveCfg = Release|Any CPU
		{D3B665C7-0123-46EF-8DF4-127A9168C81D}.Release|Any CPU.Build.0 = Release|Any CPU
	EndGlobalSection
	GlobalSection(SolutionProperties) = preSolution
		HideSolutionNode = FALSE
	EndGlobalSection
	GlobalSection(ExtensibilityGlobals) = postSolution
		SolutionGuid = {A56BA130-982F-4F3D-971A-6B9226331627}
	EndGlobalSection
EndGlobal
